
Microsoft Visual Studio Solution File, Format Version 12.00
# Visual Studio Version 17
VisualStudioVersion = 17.5.33103.201
MinimumVisualStudioVersion = 10.0.40219.1
Project("{2150E333-8FDC-42A3-9474-1A3956D46DE8}") = "src", "src", "{37653C9B-0802-401C-8CE5-C202729D0D96}"
EndProject
Project("{2150E333-8FDC-42A3-9474-1A3956D46DE8}") = "submodules", "submodules", "{E72E2AB7-618B-4EE8-9A08-F7815E04718E}"
EndProject
Project("{9A19103F-16F7-4668-BE54-9A1E7A4F7556}") = "Skylight.Bootstrap", "src\Skylight.Bootstrap\Skylight.Bootstrap.csproj", "{DEAFA983-EC22-4104-B65D-5C04B5562F3F}"
EndProject
Project("{9A19103F-16F7-4668-BE54-9A1E7A4F7556}") = "Skylight.API", "src\Skylight.API\Skylight.API.csproj", "{077E8894-C92B-4B71-974D-7C7549A69B94}"
EndProject
Project("{9A19103F-16F7-4668-BE54-9A1E7A4F7556}") = "Skylight.Domain", "src\Skylight.Domain\Skylight.Domain.csproj", "{F810E945-3AB5-4D52-B287-0184B6DC313F}"
EndProject
Project("{9A19103F-16F7-4668-BE54-9A1E7A4F7556}") = "Skylight.Infrastructure", "src\Skylight.Infrastructure\Skylight.Infrastructure.csproj", "{0C22A1A1-5812-4960-BF58-99901CA6A1CB}"
EndProject
Project("{9A19103F-16F7-4668-BE54-9A1E7A4F7556}") = "Skylight.Server", "src\Skylight.Server\Skylight.Server.csproj", "{E4154523-65EC-4F72-BB89-D48A5EF56AD6}"
EndProject
Project("{9A19103F-16F7-4668-BE54-9A1E7A4F7556}") = "Skylight.Server.Tests", "src\Skylight.Server.Tests\Skylight.Server.Tests.csproj", "{7E5C452C-D761-4484-86DE-0EF1C8742BF7}"
EndProject
Project("{9A19103F-16F7-4668-BE54-9A1E7A4F7556}") = "Skylight.Protocol", "src\submodules\Skylight.Protocol\src\Skylight.Protocol\Skylight.Protocol.csproj", "{7D46420B-DB69-461B-9974-DDC43C2AC866}"
EndProject
Project("{2150E333-8FDC-42A3-9474-1A3956D46DE8}") = "Protocol", "Protocol", "{596A321E-A4C4-4CD2-AF05-BD471A31BB2E}"
EndProject
Project("{2150E333-8FDC-42A3-9474-1A3956D46DE8}") = "Net", "Net", "{E9A40DEE-4327-4690-975F-581E8A1AECDC}"
EndProject
Project("{9A19103F-16F7-4668-BE54-9A1E7A4F7556}") = "Net", "src\submodules\Skylight.Protocol\src\submodules\Net\Net\Net.csproj", "{FBBF9B89-85DA-4A34-8B83-9892EDF5C3D0}"
EndProject
Project("{9A19103F-16F7-4668-BE54-9A1E7A4F7556}") = "Net.Buffers", "src\submodules\Skylight.Protocol\src\submodules\Net\Net.Buffers\Net.Buffers.csproj", "{FFABA112-52B2-4838-ACAB-1E3DF3AF7D55}"
EndProject
Project("{9A19103F-16F7-4668-BE54-9A1E7A4F7556}") = "Net.Collections", "src\submodules\Skylight.Protocol\src\submodules\Net\Net.Collections\Net.Collections.csproj", "{B3C46921-029C-4EF9-8DEA-77CE483B60E0}"
EndProject
Project("{9A19103F-16F7-4668-BE54-9A1E7A4F7556}") = "Net.Communication", "src\submodules\Skylight.Protocol\src\submodules\Net\Net.Communication\Net.Communication.csproj", "{79D3E997-A9D1-4BBC-8C2C-EC591CC0D0A6}"
EndProject
Global
	GlobalSection(SolutionConfigurationPlatforms) = preSolution
		Debug|Any CPU = Debug|Any CPU
		Release|Any CPU = Release|Any CPU
	EndGlobalSection
	GlobalSection(ProjectConfigurationPlatforms) = postSolution
		{DEAFA983-EC22-4104-B65D-5C04B5562F3F}.Debug|Any CPU.ActiveCfg = Debug|Any CPU
		{DEAFA983-EC22-4104-B65D-5C04B5562F3F}.Debug|Any CPU.Build.0 = Debug|Any CPU
		{DEAFA983-EC22-4104-B65D-5C04B5562F3F}.Release|Any CPU.ActiveCfg = Release|Any CPU
		{DEAFA983-EC22-4104-B65D-5C04B5562F3F}.Release|Any CPU.Build.0 = Release|Any CPU
		{077E8894-C92B-4B71-974D-7C7549A69B94}.Debug|Any CPU.ActiveCfg = Debug|Any CPU
		{077E8894-C92B-4B71-974D-7C7549A69B94}.Debug|Any CPU.Build.0 = Debug|Any CPU
		{077E8894-C92B-4B71-974D-7C7549A69B94}.Release|Any CPU.ActiveCfg = Release|Any CPU
		{077E8894-C92B-4B71-974D-7C7549A69B94}.Release|Any CPU.Build.0 = Release|Any CPU
		{F810E945-3AB5-4D52-B287-0184B6DC313F}.Debug|Any CPU.ActiveCfg = Debug|Any CPU
		{F810E945-3AB5-4D52-B287-0184B6DC313F}.Debug|Any CPU.Build.0 = Debug|Any CPU
		{F810E945-3AB5-4D52-B287-0184B6DC313F}.Release|Any CPU.ActiveCfg = Release|Any CPU
		{F810E945-3AB5-4D52-B287-0184B6DC313F}.Release|Any CPU.Build.0 = Release|Any CPU
		{0C22A1A1-5812-4960-BF58-99901CA6A1CB}.Debug|Any CPU.ActiveCfg = Debug|Any CPU
		{0C22A1A1-5812-4960-BF58-99901CA6A1CB}.Debug|Any CPU.Build.0 = Debug|Any CPU
		{0C22A1A1-5812-4960-BF58-99901CA6A1CB}.Release|Any CPU.ActiveCfg = Release|Any CPU
		{0C22A1A1-5812-4960-BF58-99901CA6A1CB}.Release|Any CPU.Build.0 = Release|Any CPU
		{E4154523-65EC-4F72-BB89-D48A5EF56AD6}.Debug|Any CPU.ActiveCfg = Debug|Any CPU
		{E4154523-65EC-4F72-BB89-D48A5EF56AD6}.Debug|Any CPU.Build.0 = Debug|Any CPU
		{E4154523-65EC-4F72-BB89-D48A5EF56AD6}.Release|Any CPU.ActiveCfg = Release|Any CPU
		{E4154523-65EC-4F72-BB89-D48A5EF56AD6}.Release|Any CPU.Build.0 = Release|Any CPU
		{7E5C452C-D761-4484-86DE-0EF1C8742BF7}.Debug|Any CPU.ActiveCfg = Debug|Any CPU
		{7E5C452C-D761-4484-86DE-0EF1C8742BF7}.Debug|Any CPU.Build.0 = Debug|Any CPU
		{7E5C452C-D761-4484-86DE-0EF1C8742BF7}.Release|Any CPU.ActiveCfg = Release|Any CPU
		{7E5C452C-D761-4484-86DE-0EF1C8742BF7}.Release|Any CPU.Build.0 = Release|Any CPU
		{7D46420B-DB69-461B-9974-DDC43C2AC866}.Debug|Any CPU.ActiveCfg = Debug|Any CPU
		{7D46420B-DB69-461B-9974-DDC43C2AC866}.Debug|Any CPU.Build.0 = Debug|Any CPU
		{7D46420B-DB69-461B-9974-DDC43C2AC866}.Release|Any CPU.ActiveCfg = Release|Any CPU
		{7D46420B-DB69-461B-9974-DDC43C2AC866}.Release|Any CPU.Build.0 = Release|Any CPU
		{FBBF9B89-85DA-4A34-8B83-9892EDF5C3D0}.Debug|Any CPU.ActiveCfg = Debug|Any CPU
		{FBBF9B89-85DA-4A34-8B83-9892EDF5C3D0}.Debug|Any CPU.Build.0 = Debug|Any CPU
		{FBBF9B89-85DA-4A34-8B83-9892EDF5C3D0}.Release|Any CPU.ActiveCfg = Release|Any CPU
		{FBBF9B89-85DA-4A34-8B83-9892EDF5C3D0}.Release|Any CPU.Build.0 = Release|Any CPU
		{FFABA112-52B2-4838-ACAB-1E3DF3AF7D55}.Debug|Any CPU.ActiveCfg = Debug|Any CPU
		{FFABA112-52B2-4838-ACAB-1E3DF3AF7D55}.Debug|Any CPU.Build.0 = Debug|Any CPU
		{FFABA112-52B2-4838-ACAB-1E3DF3AF7D55}.Release|Any CPU.ActiveCfg = Release|Any CPU
		{FFABA112-52B2-4838-ACAB-1E3DF3AF7D55}.Release|Any CPU.Build.0 = Release|Any CPU
		{B3C46921-029C-4EF9-8DEA-77CE483B60E0}.Debug|Any CPU.ActiveCfg = Debug|Any CPU
		{B3C46921-029C-4EF9-8DEA-77CE483B60E0}.Debug|Any CPU.Build.0 = Debug|Any CPU
		{B3C46921-029C-4EF9-8DEA-77CE483B60E0}.Release|Any CPU.ActiveCfg = Release|Any CPU
		{B3C46921-029C-4EF9-8DEA-77CE483B60E0}.Release|Any CPU.Build.0 = Release|Any CPU
		{79D3E997-A9D1-4BBC-8C2C-EC591CC0D0A6}.Debug|Any CPU.ActiveCfg = Debug|Any CPU
		{79D3E997-A9D1-4BBC-8C2C-EC591CC0D0A6}.Debug|Any CPU.Build.0 = Debug|Any CPU
		{79D3E997-A9D1-4BBC-8C2C-EC591CC0D0A6}.Release|Any CPU.ActiveCfg = Release|Any CPU
		{79D3E997-A9D1-4BBC-8C2C-EC591CC0D0A6}.Release|Any CPU.Build.0 = Release|Any CPU
	EndGlobalSection
	GlobalSection(SolutionProperties) = preSolution
		HideSolutionNode = FALSE
	EndGlobalSection
	GlobalSection(NestedProjects) = preSolution
		{E72E2AB7-618B-4EE8-9A08-F7815E04718E} = {37653C9B-0802-401C-8CE5-C202729D0D96}
		{DEAFA983-EC22-4104-B65D-5C04B5562F3F} = {37653C9B-0802-401C-8CE5-C202729D0D96}
		{077E8894-C92B-4B71-974D-7C7549A69B94} = {37653C9B-0802-401C-8CE5-C202729D0D96}
		{F810E945-3AB5-4D52-B287-0184B6DC313F} = {37653C9B-0802-401C-8CE5-C202729D0D96}
		{0C22A1A1-5812-4960-BF58-99901CA6A1CB} = {37653C9B-0802-401C-8CE5-C202729D0D96}
		{E4154523-65EC-4F72-BB89-D48A5EF56AD6} = {37653C9B-0802-401C-8CE5-C202729D0D96}
		{7E5C452C-D761-4484-86DE-0EF1C8742BF7} = {37653C9B-0802-401C-8CE5-C202729D0D96}
		{7D46420B-DB69-461B-9974-DDC43C2AC866} = {596A321E-A4C4-4CD2-AF05-BD471A31BB2E}
		{596A321E-A4C4-4CD2-AF05-BD471A31BB2E} = {E72E2AB7-618B-4EE8-9A08-F7815E04718E}
		{E9A40DEE-4327-4690-975F-581E8A1AECDC} = {E72E2AB7-618B-4EE8-9A08-F7815E04718E}
		{FBBF9B89-85DA-4A34-8B83-9892EDF5C3D0} = {E9A40DEE-4327-4690-975F-581E8A1AECDC}
		{FFABA112-52B2-4838-ACAB-1E3DF3AF7D55} = {E9A40DEE-4327-4690-975F-581E8A1AECDC}
		{B3C46921-029C-4EF9-8DEA-77CE483B60E0} = {E9A40DEE-4327-4690-975F-581E8A1AECDC}
		{79D3E997-A9D1-4BBC-8C2C-EC591CC0D0A6} = {E9A40DEE-4327-4690-975F-581E8A1AECDC}
	EndGlobalSection
	GlobalSection(ExtensibilityGlobals) = postSolution
		SolutionGuid = {1084BA4C-F082-4A0D-99C9-C210D6F721FA}
	EndGlobalSection
EndGlobal
